
Microsoft Visual Studio Solution File, Format Version 12.00
# Visual Studio Version 16
VisualStudioVersion = 16.0.29306.81
MinimumVisualStudioVersion = 10.0.40219.1
Project("{FAE04EC0-301F-11D3-BF4B-00C04F79EFBC}") = "T1809E_HelloUWP", "T1809E_HelloUWP\T1809E_HelloUWP.csproj", "{685C5DCE-E920-4E87-9279-B322E4DBC78D}"
EndProject
Global
	GlobalSection(SolutionConfigurationPlatforms) = preSolution
		Debug|ARM = Debug|ARM
		Debug|ARM64 = Debug|ARM64
		Debug|x64 = Debug|x64
		Debug|x86 = Debug|x86
		Release|ARM = Release|ARM
		Release|ARM64 = Release|ARM64
		Release|x64 = Release|x64
		Release|x86 = Release|x86
	EndGlobalSection
	GlobalSection(ProjectConfigurationPlatforms) = postSolution
		{685C5DCE-E920-4E87-9279-B322E4DBC78D}.Debug|ARM.ActiveCfg = Debug|ARM
		{685C5DCE-E920-4E87-9279-B322E4DBC78D}.Debug|ARM.Build.0 = Debug|ARM
		{685C5DCE-E920-4E87-9279-B322E4DBC78D}.Debug|ARM.Deploy.0 = Debug|ARM
		{685C5DCE-E920-4E87-9279-B322E4DBC78D}.Debug|ARM64.ActiveCfg = Debug|ARM64
		{685C5DCE-E920-4E87-9279-B322E4DBC78D}.Debug|ARM64.Build.0 = Debug|ARM64
		{685C5DCE-E920-4E87-9279-B322E4DBC78D}.Debug|ARM64.Deploy.0 = Debug|ARM64
		{685C5DCE-E920-4E87-9279-B322E4DBC78D}.Debug|x64.ActiveCfg = Debug|x64
		{685C5DCE-E920-4E87-9279-B322E4DBC78D}.Debug|x64.Build.0 = Debug|x64
		{685C5DCE-E920-4E87-9279-B322E4DBC78D}.Debug|x64.Deploy.0 = Debug|x64
		{685C5DCE-E920-4E87-9279-B322E4DBC78D}.Debug|x86.ActiveCfg = Debug|x86
		{685C5DCE-E920-4E87-9279-B322E4DBC78D}.Debug|x86.Build.0 = Debug|x86
		{685C5DCE-E920-4E87-9279-B322E4DBC78D}.Debug|x86.Deploy.0 = Debug|x86
		{685C5DCE-E920-4E87-9279-B322E4DBC78D}.Release|ARM.ActiveCfg = Release|ARM
		{685C5DCE-E920-4E87-9279-B322E4DBC78D}.Release|ARM.Build.0 = Release|ARM
		{685C5DCE-E920-4E87-9279-B322E4DBC78D}.Release|ARM.Deploy.0 = Release|ARM
		{685C5DCE-E920-4E87-9279-B322E4DBC78D}.Release|ARM64.ActiveCfg = Release|ARM64
		{685C5DCE-E920-4E87-9279-B322E4DBC78D}.Release|ARM64.Build.0 = Release|ARM64
		{685C5DCE-E920-4E87-9279-B322E4DBC78D}.Release|ARM64.Deploy.0 = Release|ARM64
		{685C5DCE-E920-4E87-9279-B322E4DBC78D}.Release|x64.ActiveCfg = Release|x64
		{685C5DCE-E920-4E87-9279-B322E4DBC78D}.Release|x64.Build.0 = Release|x64
		{685C5DCE-E920-4E87-9279-B322E4DBC78D}.Release|x64.Deploy.0 = Release|x64
		{685C5DCE-E920-4E87-9279-B322E4DBC78D}.Release|x86.ActiveCfg = Release|x86
		{685C5DCE-E920-4E87-9279-B322E4DBC78D}.Release|x86.Build.0 = Release|x86
		{685C5DCE-E920-4E87-9279-B322E4DBC78D}.Release|x86.Deploy.0 = Release|x86
	EndGlobalSection
	GlobalSection(SolutionProperties) = preSolution
		HideSolutionNode = FALSE
	EndGlobalSection
	GlobalSection(ExtensibilityGlobals) = postSolution
		SolutionGuid = {E8833393-28CD-47DA-905A-AB628FB81B7A}
	EndGlobalSection
EndGlobal
